
Microsoft Visual Studio Solution File, Format Version 12.00
# Visual Studio Version 17
VisualStudioVersion = 17.5.002.0
MinimumVisualStudioVersion = 10.0.40219.1
Project("{2150E333-8FDC-42A3-9474-1A3956D46DE8}") = "src", "src", "{DC52BAB2-665E-485E-BC46-4C4C91D84B6A}"
EndProject
Project("{9A19103F-16F7-4668-BE54-9A1E7A4F7556}") = "LASERISAPI", "src\LASERISAPI\LASERISAPI.csproj", "{1CC1FD11-DD29-4291-AFCA-606AC4BF2413}"
EndProject
Global
	GlobalSection(SolutionConfigurationPlatforms) = preSolution
		Debug|Any CPU = Debug|Any CPU
		Release|Any CPU = Release|Any CPU
	EndGlobalSection
	GlobalSection(ProjectConfigurationPlatforms) = postSolution
		{1CC1FD11-DD29-4291-AFCA-606AC4BF2413}.Debug|Any CPU.ActiveCfg = Debug|Any CPU
		{1CC1FD11-DD29-4291-AFCA-606AC4BF2413}.Debug|Any CPU.Build.0 = Debug|Any CPU
		{1CC1FD11-DD29-4291-AFCA-606AC4BF2413}.Release|Any CPU.ActiveCfg = Release|Any CPU
		{1CC1FD11-DD29-4291-AFCA-606AC4BF2413}.Release|Any CPU.Build.0 = Release|Any CPU
	EndGlobalSection
	GlobalSection(SolutionProperties) = preSolution
		HideSolutionNode = FALSE
	EndGlobalSection
	GlobalSection(NestedProjects) = preSolution
		{1CC1FD11-DD29-4291-AFCA-606AC4BF2413} = {DC52BAB2-665E-485E-BC46-4C4C91D84B6A}
	EndGlobalSection
	GlobalSection(ExtensibilityGlobals) = postSolution
		SolutionGuid = {EC25B6D0-80B4-4133-BD6E-74C433661DF4}
	EndGlobalSection
EndGlobal
